
Microsoft Visual Studio Solution File, Format Version 12.00
# Visual Studio Version 16
VisualStudioVersion = 16.0.30114.105
MinimumVisualStudioVersion = 10.0.40219.1
Project("{FAE04EC0-301F-11D3-BF4B-00C04F79EFBC}") = "ApocToken", "src\ApocToken.csproj", "{4989B798-226A-4EF5-BB3E-B30767E0B47E}"
EndProject
Project("{FAE04EC0-301F-11D3-BF4B-00C04F79EFBC}") = "ApocTokenTests", "test\ApocTokenTests.csproj", "{06CEF064-D0BD-46C2-88FF-CDA500CA8646}"
EndProject
Global
	GlobalSection(SolutionConfigurationPlatforms) = preSolution
		Debug|Any CPU = Debug|Any CPU
		Release|Any CPU = Release|Any CPU
	EndGlobalSection
	GlobalSection(SolutionProperties) = preSolution
		HideSolutionNode = FALSE
	EndGlobalSection
	GlobalSection(ProjectConfigurationPlatforms) = postSolution
		{4989B798-226A-4EF5-BB3E-B30767E0B47E}.Debug|Any CPU.ActiveCfg = Debug|Any CPU
		{4989B798-226A-4EF5-BB3E-B30767E0B47E}.Debug|Any CPU.Build.0 = Debug|Any CPU
		{4989B798-226A-4EF5-BB3E-B30767E0B47E}.Release|Any CPU.ActiveCfg = Release|Any CPU
		{4989B798-226A-4EF5-BB3E-B30767E0B47E}.Release|Any CPU.Build.0 = Release|Any CPU
		{06CEF064-D0BD-46C2-88FF-CDA500CA8646}.Debug|Any CPU.ActiveCfg = Debug|Any CPU
		{06CEF064-D0BD-46C2-88FF-CDA500CA8646}.Debug|Any CPU.Build.0 = Debug|Any CPU
		{06CEF064-D0BD-46C2-88FF-CDA500CA8646}.Release|Any CPU.ActiveCfg = Release|Any CPU
		{06CEF064-D0BD-46C2-88FF-CDA500CA8646}.Release|Any CPU.Build.0 = Release|Any CPU
	EndGlobalSection
EndGlobal
